
Microsoft Visual Studio Solution File, Format Version 12.00
# Visual Studio 2012
Project("{D954291E-2A0B-460D-934E-DC6B0785DB48}") = "UniversalLinksDemo", "UniversalLinksDemo\UniversalLinksDemo.shproj", "{EA795A63-B2F3-4426-8AFD-6958E48B955D}"
EndProject
Project("{FAE04EC0-301F-11D3-BF4B-00C04F79EFBC}") = "UniversalLinksDemo.iOS", "iOS\UniversalLinksDemo.iOS.csproj", "{BC5046E7-5250-4F3B-84C6-D9F66941506B}"
EndProject
Project("{FAE04EC0-301F-11D3-BF4B-00C04F79EFBC}") = "UniversalLinksDemo.Droid", "Droid\UniversalLinksDemo.Droid.csproj", "{8A0808AB-855E-49EF-B8AF-1779790A4941}"
EndProject
Global
	GlobalSection(SolutionConfigurationPlatforms) = preSolution
		Debug|iPhoneSimulator = Debug|iPhoneSimulator
		Release|iPhone = Release|iPhone
		Release|iPhoneSimulator = Release|iPhoneSimulator
		Debug|iPhone = Debug|iPhone
		Debug|Any CPU = Debug|Any CPU
		Release|Any CPU = Release|Any CPU
	EndGlobalSection
	GlobalSection(ProjectConfigurationPlatforms) = postSolution
		{BC5046E7-5250-4F3B-84C6-D9F66941506B}.Debug|iPhoneSimulator.ActiveCfg = Debug|iPhoneSimulator
		{BC5046E7-5250-4F3B-84C6-D9F66941506B}.Debug|iPhoneSimulator.Build.0 = Debug|iPhoneSimulator
		{BC5046E7-5250-4F3B-84C6-D9F66941506B}.Release|iPhone.ActiveCfg = Release|iPhone
		{BC5046E7-5250-4F3B-84C6-D9F66941506B}.Release|iPhone.Build.0 = Release|iPhone
		{BC5046E7-5250-4F3B-84C6-D9F66941506B}.Release|iPhoneSimulator.ActiveCfg = Release|iPhoneSimulator
		{BC5046E7-5250-4F3B-84C6-D9F66941506B}.Release|iPhoneSimulator.Build.0 = Release|iPhoneSimulator
		{BC5046E7-5250-4F3B-84C6-D9F66941506B}.Debug|iPhone.ActiveCfg = Debug|iPhone
		{BC5046E7-5250-4F3B-84C6-D9F66941506B}.Debug|iPhone.Build.0 = Debug|iPhone
		{BC5046E7-5250-4F3B-84C6-D9F66941506B}.Debug|Any CPU.ActiveCfg = Debug|iPhoneSimulator
		{BC5046E7-5250-4F3B-84C6-D9F66941506B}.Debug|Any CPU.Build.0 = Debug|iPhoneSimulator
		{BC5046E7-5250-4F3B-84C6-D9F66941506B}.Release|Any CPU.ActiveCfg = Release|iPhone
		{BC5046E7-5250-4F3B-84C6-D9F66941506B}.Release|Any CPU.Build.0 = Release|iPhone
		{8A0808AB-855E-49EF-B8AF-1779790A4941}.Debug|iPhoneSimulator.ActiveCfg = Debug|Any CPU
		{8A0808AB-855E-49EF-B8AF-1779790A4941}.Debug|iPhoneSimulator.Build.0 = Debug|Any CPU
		{8A0808AB-855E-49EF-B8AF-1779790A4941}.Release|iPhone.ActiveCfg = Release|Any CPU
		{8A0808AB-855E-49EF-B8AF-1779790A4941}.Release|iPhone.Build.0 = Release|Any CPU
		{8A0808AB-855E-49EF-B8AF-1779790A4941}.Release|iPhoneSimulator.ActiveCfg = Release|Any CPU
		{8A0808AB-855E-49EF-B8AF-1779790A4941}.Release|iPhoneSimulator.Build.0 = Release|Any CPU
		{8A0808AB-855E-49EF-B8AF-1779790A4941}.Debug|iPhone.ActiveCfg = Debug|Any CPU
		{8A0808AB-855E-49EF-B8AF-1779790A4941}.Debug|iPhone.Build.0 = Debug|Any CPU
		{8A0808AB-855E-49EF-B8AF-1779790A4941}.Debug|Any CPU.ActiveCfg = Debug|Any CPU
		{8A0808AB-855E-49EF-B8AF-1779790A4941}.Debug|Any CPU.Build.0 = Debug|Any CPU
		{8A0808AB-855E-49EF-B8AF-1779790A4941}.Release|Any CPU.ActiveCfg = Release|Any CPU
		{8A0808AB-855E-49EF-B8AF-1779790A4941}.Release|Any CPU.Build.0 = Release|Any CPU
	EndGlobalSection
EndGlobal
